
Microsoft Visual Studio Solution File, Format Version 12.00
# Visual Studio Version 17
VisualStudioVersion = 17.7.34031.279
MinimumVisualStudioVersion = 10.0.40219.1
Project("{FAE04EC0-301F-11D3-BF4B-00C04F79EFBC}") = "PersonnelDepartmentWPF", "PersonnelDepartmentWPF\PersonnelDepartmentWPF.csproj", "{068159A0-4131-4CCB-A830-3553D8112478}"
EndProject
Global
	GlobalSection(SolutionConfigurationPlatforms) = preSolution
		Debug|Any CPU = Debug|Any CPU
		Release|Any CPU = Release|Any CPU
	EndGlobalSection
	GlobalSection(ProjectConfigurationPlatforms) = postSolution
		{068159A0-4131-4CCB-A830-3553D8112478}.Debug|Any CPU.ActiveCfg = Debug|Any CPU
		{068159A0-4131-4CCB-A830-3553D8112478}.Debug|Any CPU.Build.0 = Debug|Any CPU
		{068159A0-4131-4CCB-A830-3553D8112478}.Release|Any CPU.ActiveCfg = Release|Any CPU
		{068159A0-4131-4CCB-A830-3553D8112478}.Release|Any CPU.Build.0 = Release|Any CPU
	EndGlobalSection
	GlobalSection(SolutionProperties) = preSolution
		HideSolutionNode = FALSE
	EndGlobalSection
	GlobalSection(ExtensibilityGlobals) = postSolution
		SolutionGuid = {70588759-FAC3-43ED-8727-D9CC0C14E02F}
	EndGlobalSection
EndGlobal
